
Microsoft Visual Studio Solution File, Format Version 12.00
# Visual Studio Version 16
VisualStudioVersion = 16.0.28527.54
MinimumVisualStudioVersion = 10.0.40219.1
Project("{FAE04EC0-301F-11D3-BF4B-00C04F79EFBC}") = "Assignment 06", "Assignment 06.csproj", "{9EEA5420-7551-4091-835E-1F314E2AB70F}"
EndProject
Project("{FAE04EC0-301F-11D3-BF4B-00C04F79EFBC}") = "06.0 Console As Library", "..\..\Assignment 05 Solution\Assignment 05 Solution\06.0 Console As Library\06.0 Console As Library.csproj", "{0BD4FD20-05CF-41B6-991C-CB1DD6DFBBBA}"
EndProject
Project("{FAE04EC0-301F-11D3-BF4B-00C04F79EFBC}") = "WindowsFormAssignment06", "..\WindowsFormAssignment06\WindowsFormAssignment06.csproj", "{9F30E87F-BFA2-45AB-AA06-5B08E05F4CF4}"
EndProject
Global
	GlobalSection(SolutionConfigurationPlatforms) = preSolution
		Debug|Any CPU = Debug|Any CPU
		Debug|x86 = Debug|x86
		Release|Any CPU = Release|Any CPU
		Release|x86 = Release|x86
	EndGlobalSection
	GlobalSection(ProjectConfigurationPlatforms) = postSolution
		{9EEA5420-7551-4091-835E-1F314E2AB70F}.Debug|Any CPU.ActiveCfg = Debug|Any CPU
		{9EEA5420-7551-4091-835E-1F314E2AB70F}.Debug|Any CPU.Build.0 = Debug|Any CPU
		{9EEA5420-7551-4091-835E-1F314E2AB70F}.Debug|x86.ActiveCfg = Debug|Any CPU
		{9EEA5420-7551-4091-835E-1F314E2AB70F}.Debug|x86.Build.0 = Debug|Any CPU
		{9EEA5420-7551-4091-835E-1F314E2AB70F}.Release|Any CPU.ActiveCfg = Release|Any CPU
		{9EEA5420-7551-4091-835E-1F314E2AB70F}.Release|Any CPU.Build.0 = Release|Any CPU
		{9EEA5420-7551-4091-835E-1F314E2AB70F}.Release|x86.ActiveCfg = Release|Any CPU
		{9EEA5420-7551-4091-835E-1F314E2AB70F}.Release|x86.Build.0 = Release|Any CPU
		{0BD4FD20-05CF-41B6-991C-CB1DD6DFBBBA}.Debug|Any CPU.ActiveCfg = Debug|x86
		{0BD4FD20-05CF-41B6-991C-CB1DD6DFBBBA}.Debug|x86.ActiveCfg = Debug|x86
		{0BD4FD20-05CF-41B6-991C-CB1DD6DFBBBA}.Debug|x86.Build.0 = Debug|x86
		{0BD4FD20-05CF-41B6-991C-CB1DD6DFBBBA}.Release|Any CPU.ActiveCfg = Release|x86
		{0BD4FD20-05CF-41B6-991C-CB1DD6DFBBBA}.Release|x86.ActiveCfg = Release|x86
		{0BD4FD20-05CF-41B6-991C-CB1DD6DFBBBA}.Release|x86.Build.0 = Release|x86
		{9F30E87F-BFA2-45AB-AA06-5B08E05F4CF4}.Debug|Any CPU.ActiveCfg = Debug|Any CPU
		{9F30E87F-BFA2-45AB-AA06-5B08E05F4CF4}.Debug|Any CPU.Build.0 = Debug|Any CPU
		{9F30E87F-BFA2-45AB-AA06-5B08E05F4CF4}.Debug|x86.ActiveCfg = Debug|Any CPU
		{9F30E87F-BFA2-45AB-AA06-5B08E05F4CF4}.Debug|x86.Build.0 = Debug|Any CPU
		{9F30E87F-BFA2-45AB-AA06-5B08E05F4CF4}.Release|Any CPU.ActiveCfg = Release|Any CPU
		{9F30E87F-BFA2-45AB-AA06-5B08E05F4CF4}.Release|Any CPU.Build.0 = Release|Any CPU
		{9F30E87F-BFA2-45AB-AA06-5B08E05F4CF4}.Release|x86.ActiveCfg = Release|Any CPU
		{9F30E87F-BFA2-45AB-AA06-5B08E05F4CF4}.Release|x86.Build.0 = Release|Any CPU
	EndGlobalSection
	GlobalSection(SolutionProperties) = preSolution
		HideSolutionNode = FALSE
	EndGlobalSection
	GlobalSection(ExtensibilityGlobals) = postSolution
		SolutionGuid = {49017FE4-3CF5-4BAB-9D73-BBC233E65AF7}
	EndGlobalSection
EndGlobal
